Microsoft Visual Studio Solution File, Format Version 11.00
# Visual Studio 2008

Project("{A8E81206-0920-401D-07EC-984F40A57DE0}") = "Popz", "Assembly-CSharp-vs.csproj", "{DC0E62E1-A38D-E2D8-0B32-F76F21AA80AA}"
EndProject
Global
	GlobalSection(SolutionConfigurationPlatforms) = preSolution
		Debug|Any CPU = Debug|Any CPU
		Release|Any CPU = Release|Any CPU
	EndGlobalSection
	GlobalSection(ProjectConfigurationPlatforms) = postSolution
		{DC0E62E1-A38D-E2D8-0B32-F76F21AA80AA}.Debug|Any CPU.ActiveCfg = Debug|Any CPU
		{DC0E62E1-A38D-E2D8-0B32-F76F21AA80AA}.Debug|Any CPU.Build.0 = Debug|Any CPU
		{DC0E62E1-A38D-E2D8-0B32-F76F21AA80AA}.Release|Any CPU.ActiveCfg = Release|Any CPU
		{DC0E62E1-A38D-E2D8-0B32-F76F21AA80AA}.Release|Any CPU.Build.0 = Release|Any CPU
	EndGlobalSection
	GlobalSection(SolutionProperties) = preSolution
		HideSolutionNode = FALSE
	EndGlobalSection
					GlobalSection(MonoDevelopProperties) = preSolution
		StartupItem = Assembly-CSharp.csproj
		Policies = $0
		$0.TextStylePolicy = $1
		$1.inheritsSet = null
		$1.scope = text/x-csharp
		$0.CSharpFormattingPolicy = $2
		$2.inheritsSet = Mono
		$2.inheritsScope = text/x-csharp
		$2.scope = text/x-csharp
		$0.TextStylePolicy = $3
		$3.FileWidth = 120
		$3.TabWidth = 4
		$3.IndentWidth = 4
		$3.EolMarker = Unix
		$3.inheritsSet = Mono
		$3.inheritsScope = text/plain
		$3.scope = text/plain
	EndGlobalSection

EndGlobal
